
Microsoft Visual Studio Solution File, Format Version 12.00
# Visual Studio 14
VisualStudioVersion = 14.0.25420.1
MinimumVisualStudioVersion = 10.0.40219.1
Project("{FAE04EC0-301F-11D3-BF4B-00C04F79EFBC}") = "DemoNavigation", "DemoNavigation\DemoNavigation.csproj", "{C7071669-592E-4AB9-B2F6-A8CA83F1EBB0}"
EndProject
Project("{FAE04EC0-301F-11D3-BF4B-00C04F79EFBC}") = "Core", "Core\Core.csproj", "{43661EC6-9854-4A52-AF47-24012A5FF218}"
EndProject
Global
	GlobalSection(SolutionConfigurationPlatforms) = preSolution
		Debug|Any CPU = Debug|Any CPU
		Release|Any CPU = Release|Any CPU
	EndGlobalSection
	GlobalSection(ProjectConfigurationPlatforms) = postSolution
		{C7071669-592E-4AB9-B2F6-A8CA83F1EBB0}.Debug|Any CPU.ActiveCfg = Debug|Any CPU
		{C7071669-592E-4AB9-B2F6-A8CA83F1EBB0}.Debug|Any CPU.Build.0 = Debug|Any CPU
		{C7071669-592E-4AB9-B2F6-A8CA83F1EBB0}.Debug|Any CPU.Deploy.0 = Debug|Any CPU
		{C7071669-592E-4AB9-B2F6-A8CA83F1EBB0}.Release|Any CPU.ActiveCfg = Release|Any CPU
		{C7071669-592E-4AB9-B2F6-A8CA83F1EBB0}.Release|Any CPU.Build.0 = Release|Any CPU
		{C7071669-592E-4AB9-B2F6-A8CA83F1EBB0}.Release|Any CPU.Deploy.0 = Release|Any CPU
		{43661EC6-9854-4A52-AF47-24012A5FF218}.Debug|Any CPU.ActiveCfg = Debug|Any CPU
		{43661EC6-9854-4A52-AF47-24012A5FF218}.Debug|Any CPU.Build.0 = Debug|Any CPU
		{43661EC6-9854-4A52-AF47-24012A5FF218}.Release|Any CPU.ActiveCfg = Release|Any CPU
		{43661EC6-9854-4A52-AF47-24012A5FF218}.Release|Any CPU.Build.0 = Release|Any CPU
	EndGlobalSection
	GlobalSection(SolutionProperties) = preSolution
		HideSolutionNode = FALSE
	EndGlobalSection
EndGlobal
